{
  "name": "@precooked/react-play-pause-cell",
  "version": "1.0.0",
  "lockfileVersion": 3,
  "requires": true,
  "packages": {
    "": {
      "name": "@precooked/react-play-pause-cell",
      "version": "1.0.0",
      "license": "ISC",
      "dependencies": {
        "@precooked/http-client": "^1.0.5",
        "@precooked/react-icon-button": "^1.0.16",
        "@precooked/react-loader": "^1.0.5"
      },
      "devDependencies": {
        "@types/react": "^18.3.12",
        "typescript": "^5.6.3"
      },
      "peerDependencies": {
        "react": "^18.3.1"
      }
    },
    "node_modules/@precooked/http-client": {
      "version": "1.0.5",
      "resolved": "https://registry.npmjs.org/@precooked/http-client/-/http-client-1.0.5.tgz",
      "integrity": "sha512-Wce8oLmivAybQJiugDJDmtnNnfEtC3Hxic1LLfHrpv35JE47ci0CrJ0Yl/Pr8h217Ihn8RqhAmC0YYpGwM6wqg=="
    },
    "node_modules/@precooked/icon-data": {
      "version": "1.0.2",
      "resolved": "https://registry.npmjs.org/@precooked/icon-data/-/icon-data-1.0.2.tgz",
      "integrity": "sha512-UJjtUWCXOK0GUFXukHvLVkCX6kvg1EcqUIsis2KHdnGLcvojSid72VrMoD57tbCqfnXFtJ7saF52serYd1R65w=="
    },
    "node_modules/@precooked/react-dynamic-icon": {
      "version": "1.0.6",
      "resolved": "https://registry.npmjs.org/@precooked/react-dynamic-icon/-/react-dynamic-icon-1.0.6.tgz",
      "integrity": "sha512-es6XMgzvJQfKcODMOt8/WDcgRfBmLHoUb5V4/S6dkLWXZkZx6DHTQyvwo7izjQSYk965sSoTcHHGfRwBgEnl/w==",
      "dependencies": {
        "@precooked/utils": "^1.0.2"
      },
      "peerDependencies": {
        "react": "^18.3.1",
        "react-dom": "^18.3.1"
      }
    },
    "node_modules/@precooked/react-icon": {
      "version": "1.0.15",
      "resolved": "https://registry.npmjs.org/@precooked/react-icon/-/react-icon-1.0.15.tgz",
      "integrity": "sha512-h9APVoESM9cF565olfh+i4Cns7rRI+e93OaHSbmHV1MeW/B8Ybktk9OUiu4o6kVKjuEBk5E91V6YuC5AS8ahuw==",
      "dependencies": {
        "@precooked/icon-data": "^1.0.2",
        "@precooked/react-dynamic-icon": "^1.0.6",
        "@precooked/utils": "^1.0.2"
      },
      "peerDependencies": {
        "react": "^18.3.1",
        "react-dom": "^18.3.1"
      }
    },
    "node_modules/@precooked/react-icon-button": {
      "version": "1.0.16",
      "resolved": "https://registry.npmjs.org/@precooked/react-icon-button/-/react-icon-button-1.0.16.tgz",
      "integrity": "sha512-FgkmNTWhl5Y1qTKYipYEtMh14eDp6F2M4N9ErCNn2VSwBXK0YuXkbYdTJ85LpO9N1j5zvtC9SfCpvhtm1Qx7dQ==",
      "dependencies": {
        "@precooked/react-icon": "^1.0.11",
        "@precooked/react-touchable": "^1.0.6",
        "react": "^18.3.1",
        "react-dom": "^18.3.1"
      }
    },
    "node_modules/@precooked/react-loader": {
      "version": "1.0.5",
      "resolved": "https://registry.npmjs.org/@precooked/react-loader/-/react-loader-1.0.5.tgz",
      "integrity": "sha512-38+tEUzWzzI0p60dTKX8NHgA2YA9XIz5T+BxGTieDpKShDpFTNX89h0OhdKqkChS1TMzQq8nb/5tIyNEqEXCWw==",
      "dependencies": {
        "@precooked/utils": "^1.0.2"
      },
      "peerDependencies": {
        "react": "^18.3.1",
        "react-dom": "^18.3.1"
      }
    },
    "node_modules/@precooked/react-touchable": {
      "version": "1.0.7",
      "resolved": "https://registry.npmjs.org/@precooked/react-touchable/-/react-touchable-1.0.7.tgz",
      "integrity": "sha512-EITK/mHYIzkJi9t+8WaAZo/eJQECdAsalSD23RV58kHXdCAxhOzjwhAv0vEl6+gAvXdQc9rOWO9QQ0VAzGAz3g==",
      "peerDependencies": {
        "react": "^18.3.1",
        "react-dom": "^18.3.1"
      }
    },
    "node_modules/@precooked/utils": {
      "version": "1.0.4",
      "resolved": "https://registry.npmjs.org/@precooked/utils/-/utils-1.0.4.tgz",
      "integrity": "sha512-v9EYt2miW+MpxT4YAb5fd2CVq9SsdUF0y9jJaKgl6Ev1MT6NcQ8oA0zuMaewG26S+UMn+H/cd1VwZaaDeRYm4Q=="
    },
    "node_modules/@types/prop-types": {
      "version": "15.7.13",
      "resolved": "https://registry.npmjs.org/@types/prop-types/-/prop-types-15.7.13.tgz",
      "integrity": "sha512-hCZTSvwbzWGvhqxp/RqVqwU999pBf2vp7hzIjiYOsl8wqOmUxkQ6ddw1cV3l8811+kdUFus/q4d1Y3E3SyEifA==",
      "dev": true
    },
    "node_modules/@types/react": {
      "version": "18.3.12",
      "resolved": "https://registry.npmjs.org/@types/react/-/react-18.3.12.tgz",
      "integrity": "sha512-D2wOSq/d6Agt28q7rSI3jhU7G6aiuzljDGZ2hTZHIkrTLUI+AF3WMeKkEZ9nN2fkBAlcktT6vcZjDFiIhMYEQw==",
      "dev": true,
      "dependencies": {
        "@types/prop-types": "*",
        "csstype": "^3.0.2"
      }
    },
    "node_modules/csstype": {
      "version": "3.1.3",
      "resolved": "https://registry.npmjs.org/csstype/-/csstype-3.1.3.tgz",
      "integrity": "sha512-M1uQkMl8rQK/szD0LNhtqxIPLpimGm8sOBwU7lLnCpSbTyY3yeU1Vc7l4KT5zT4s/yOxHH5O7tIuuLOCnLADRw==",
      "dev": true
    },
    "node_modules/js-tokens": {
      "version": "4.0.0",
      "resolved": "https://registry.npmjs.org/js-tokens/-/js-tokens-4.0.0.tgz",
      "integrity": "sha512-RdJUflcE3cUzKiMqQgsCu06FPu9UdIJO0beYbPhHN4k6apgJtifcoCtT9bcxOpYBtpD2kCM6Sbzg4CausW/PKQ=="
    },
    "node_modules/loose-envify": {
      "version": "1.4.0",
      "resolved": "https://registry.npmjs.org/loose-envify/-/loose-envify-1.4.0.tgz",
      "integrity": "sha512-lyuxPGr/Wfhrlem2CL/UcnUc1zcqKAImBDzukY7Y5F/yQiNdko6+fRLevlw1HgMySw7f611UIY408EtxRSoK3Q==",
      "dependencies": {
        "js-tokens": "^3.0.0 || ^4.0.0"
      },
      "bin": {
        "loose-envify": "cli.js"
      }
    },
    "node_modules/react": {
      "version": "18.3.1",
      "resolved": "https://registry.npmjs.org/react/-/react-18.3.1.tgz",
      "integrity": "sha512-wS+hAgJShR0KhEvPJArfuPVN1+Hz1t0Y6n5jLrGQbkb4urgPE/0Rve+1kMB1v/oWgHgm4WIcV+i7F2pTVj+2iQ==",
      "dependencies": {
        "loose-envify": "^1.1.0"
      },
      "engines": {
        "node": ">=0.10.0"
      }
    },
    "node_modules/react-dom": {
      "version": "18.3.1",
      "resolved": "https://registry.npmjs.org/react-dom/-/react-dom-18.3.1.tgz",
      "integrity": "sha512-5m4nQKp+rZRb09LNH59GM4BxTh9251/ylbKIbpe7TpGxfJ+9kv6BLkLBXIjjspbgbnIBNqlI23tRnTWT0snUIw==",
      "dependencies": {
        "loose-envify": "^1.1.0",
        "scheduler": "^0.23.2"
      },
      "peerDependencies": {
        "react": "^18.3.1"
      }
    },
    "node_modules/scheduler": {
      "version": "0.23.2",
      "resolved": "https://registry.npmjs.org/scheduler/-/scheduler-0.23.2.tgz",
      "integrity": "sha512-UOShsPwz7NrMUqhR6t0hWjFduvOzbtv7toDH1/hIrfRNIDBnnBWd0CwJTGvTpngVlmwGCdP9/Zl/tVrDqcuYzQ==",
      "dependencies": {
        "loose-envify": "^1.1.0"
      }
    },
    "node_modules/typescript": {
      "version": "5.6.3",
      "resolved": "https://registry.npmjs.org/typescript/-/typescript-5.6.3.tgz",
      "integrity": "sha512-hjcS1mhfuyi4WW8IWtjP7brDrG2cuDZukyrYrSauoXGNgx0S7zceP07adYkJycEr56BOUTNPzbInooiN3fn1qw==",
      "dev": true,
      "bin": {
        "tsc": "bin/tsc",
        "tsserver": "bin/tsserver"
      },
      "engines": {
        "node": ">=14.17"
      }
    }
  }
}
